
Microsoft Visual Studio Solution File, Format Version 12.00
# Visual Studio Version 17
VisualStudioVersion = 17.4.33110.190
MinimumVisualStudioVersion = 10.0.40219.1
Project("{FAE04EC0-301F-11D3-BF4B-00C04F79EFBC}") = "IdentityServer", "src\IdentityServer\IdentityServer.csproj", "{F1922D55-676A-4EE2-BEF8-DC23ADC4BA2B}"
EndProject
Global
	GlobalSection(SolutionConfigurationPlatforms) = preSolution
		Debug|Any CPU = Debug|Any CPU
		Release|Any CPU = Release|Any CPU
	EndGlobalSection
	GlobalSection(ProjectConfigurationPlatforms) = postSolution
		{F1922D55-676A-4EE2-BEF8-DC23ADC4BA2B}.Debug|Any CPU.ActiveCfg = Debug|Any CPU
		{F1922D55-676A-4EE2-BEF8-DC23ADC4BA2B}.Debug|Any CPU.Build.0 = Debug|Any CPU
		{F1922D55-676A-4EE2-BEF8-DC23ADC4BA2B}.Release|Any CPU.ActiveCfg = Release|Any CPU
		{F1922D55-676A-4EE2-BEF8-DC23ADC4BA2B}.Release|Any CPU.Build.0 = Release|Any CPU
	EndGlobalSection
	GlobalSection(SolutionProperties) = preSolution
		HideSolutionNode = FALSE
	EndGlobalSection
	GlobalSection(ExtensibilityGlobals) = postSolution
		SolutionGuid = {BA071E9B-C796-43E9-B226-497658907F2E}
	EndGlobalSection
EndGlobal
