
Microsoft Visual Studio Solution File, Format Version 12.00
# Visual Studio Version 17
VisualStudioVersion = 17.2.32602.215
MinimumVisualStudioVersion = 10.0.40219.1
Project("{9A19103F-16F7-4668-BE54-9A1E7A4F7556}") = "Role.Host.API", "src\Role.Host.API\Role.Host.API.csproj", "{A8835A70-226F-4A86-93A9-2F2A4C5756B6}"
EndProject
Project("{9A19103F-16F7-4668-BE54-9A1E7A4F7556}") = "Role.Domain", "src\Role.Domain\Role.Domain.csproj", "{5E02B6D1-EDF5-41B0-A349-EC19FBCACC7B}"
EndProject
Project("{9A19103F-16F7-4668-BE54-9A1E7A4F7556}") = "Role.SDK", "src\Role.SDK\Role.SDK.csproj", "{5E256712-C7B2-4A2F-BCB3-B450EF32587B}"
EndProject
Project("{9A19103F-16F7-4668-BE54-9A1E7A4F7556}") = "Role.Application", "src\Role.Application\Role.Application.csproj", "{5B674B6D-9459-4470-A191-EC2E4A945ACB}"
EndProject
Project("{00D1A9C2-B5F0-4AF3-8072-F6C62B433612}") = "Role.Database", "src\Role.Database\Role.Database.sqlproj", "{FD4C80E0-E1E3-4712-B945-647D9E8974AB}"
EndProject
Project("{9A19103F-16F7-4668-BE54-9A1E7A4F7556}") = "Role.Infrastructure", "src\Role.Infrastructure\Role.Infrastructure.csproj", "{5B3BB4DE-AE5C-4BD5-B8A3-F971E62F253F}"
EndProject
Project("{2150E333-8FDC-42A3-9474-1A3956D46DE8}") = "src", "src", "{54433A92-7BCD-4CD3-83D8-353C6C6E317E}"
EndProject
Project("{2150E333-8FDC-42A3-9474-1A3956D46DE8}") = "tests", "tests", "{5BB8994B-73D6-461A-8FE0-82E7EA518605}"
EndProject
Project("{2150E333-8FDC-42A3-9474-1A3956D46DE8}") = "unit", "unit", "{F51956F8-E509-418F-899A-1BAE6BE16939}"
EndProject
Project("{9A19103F-16F7-4668-BE54-9A1E7A4F7556}") = "Role.Application.Tests", "tests\unit\Role.Application.Tests\Role.Application.Tests.csproj", "{2D4F04F3-4A36-493B-AC46-D0A62327025D}"
EndProject
Project("{9A19103F-16F7-4668-BE54-9A1E7A4F7556}") = "Role.Domain.Tests", "tests\unit\Role.Domain.Tests\Role.Domain.Tests.csproj", "{2B55726E-7281-4188-BA5C-887E7D633A01}"
EndProject
Project("{2150E333-8FDC-42A3-9474-1A3956D46DE8}") = "integration", "integration", "{0501FF4C-B602-46FD-BD45-B38FF0FA9B7B}"
EndProject
Project("{9A19103F-16F7-4668-BE54-9A1E7A4F7556}") = "Role.Integration.Tests", "tests\integration\Role.Integration.Tests\Role.Integration.Tests.csproj", "{38903A20-00D3-425B-8EFA-08485BA30AC6}"
EndProject
Global
	GlobalSection(SolutionConfigurationPlatforms) = preSolution
		Debug|Any CPU = Debug|Any CPU
		Release|Any CPU = Release|Any CPU
	EndGlobalSection
	GlobalSection(ProjectConfigurationPlatforms) = postSolution
		{A8835A70-226F-4A86-93A9-2F2A4C5756B6}.Debug|Any CPU.ActiveCfg = Debug|Any CPU
		{A8835A70-226F-4A86-93A9-2F2A4C5756B6}.Debug|Any CPU.Build.0 = Debug|Any CPU
		{A8835A70-226F-4A86-93A9-2F2A4C5756B6}.Release|Any CPU.ActiveCfg = Release|Any CPU
		{A8835A70-226F-4A86-93A9-2F2A4C5756B6}.Release|Any CPU.Build.0 = Release|Any CPU
		{5E02B6D1-EDF5-41B0-A349-EC19FBCACC7B}.Debug|Any CPU.ActiveCfg = Debug|Any CPU
		{5E02B6D1-EDF5-41B0-A349-EC19FBCACC7B}.Debug|Any CPU.Build.0 = Debug|Any CPU
		{5E02B6D1-EDF5-41B0-A349-EC19FBCACC7B}.Release|Any CPU.ActiveCfg = Release|Any CPU
		{5E02B6D1-EDF5-41B0-A349-EC19FBCACC7B}.Release|Any CPU.Build.0 = Release|Any CPU
		{5E256712-C7B2-4A2F-BCB3-B450EF32587B}.Debug|Any CPU.ActiveCfg = Debug|Any CPU
		{5E256712-C7B2-4A2F-BCB3-B450EF32587B}.Debug|Any CPU.Build.0 = Debug|Any CPU
		{5E256712-C7B2-4A2F-BCB3-B450EF32587B}.Release|Any CPU.ActiveCfg = Release|Any CPU
		{5E256712-C7B2-4A2F-BCB3-B450EF32587B}.Release|Any CPU.Build.0 = Release|Any CPU
		{5B674B6D-9459-4470-A191-EC2E4A945ACB}.Debug|Any CPU.ActiveCfg = Debug|Any CPU
		{5B674B6D-9459-4470-A191-EC2E4A945ACB}.Debug|Any CPU.Build.0 = Debug|Any CPU
		{5B674B6D-9459-4470-A191-EC2E4A945ACB}.Release|Any CPU.ActiveCfg = Release|Any CPU
		{5B674B6D-9459-4470-A191-EC2E4A945ACB}.Release|Any CPU.Build.0 = Release|Any CPU
		{FD4C80E0-E1E3-4712-B945-647D9E8974AB}.Debug|Any CPU.ActiveCfg = Debug|Any CPU
		{FD4C80E0-E1E3-4712-B945-647D9E8974AB}.Debug|Any CPU.Build.0 = Debug|Any CPU
		{FD4C80E0-E1E3-4712-B945-647D9E8974AB}.Debug|Any CPU.Deploy.0 = Debug|Any CPU
		{FD4C80E0-E1E3-4712-B945-647D9E8974AB}.Release|Any CPU.ActiveCfg = Release|Any CPU
		{FD4C80E0-E1E3-4712-B945-647D9E8974AB}.Release|Any CPU.Build.0 = Release|Any CPU
		{FD4C80E0-E1E3-4712-B945-647D9E8974AB}.Release|Any CPU.Deploy.0 = Release|Any CPU
		{5B3BB4DE-AE5C-4BD5-B8A3-F971E62F253F}.Debug|Any CPU.ActiveCfg = Debug|Any CPU
		{5B3BB4DE-AE5C-4BD5-B8A3-F971E62F253F}.Debug|Any CPU.Build.0 = Debug|Any CPU
		{5B3BB4DE-AE5C-4BD5-B8A3-F971E62F253F}.Release|Any CPU.ActiveCfg = Release|Any CPU
		{5B3BB4DE-AE5C-4BD5-B8A3-F971E62F253F}.Release|Any CPU.Build.0 = Release|Any CPU
		{2D4F04F3-4A36-493B-AC46-D0A62327025D}.Debug|Any CPU.ActiveCfg = Debug|Any CPU
		{2D4F04F3-4A36-493B-AC46-D0A62327025D}.Debug|Any CPU.Build.0 = Debug|Any CPU
		{2D4F04F3-4A36-493B-AC46-D0A62327025D}.Release|Any CPU.ActiveCfg = Release|Any CPU
		{2D4F04F3-4A36-493B-AC46-D0A62327025D}.Release|Any CPU.Build.0 = Release|Any CPU
		{2B55726E-7281-4188-BA5C-887E7D633A01}.Debug|Any CPU.ActiveCfg = Debug|Any CPU
		{2B55726E-7281-4188-BA5C-887E7D633A01}.Debug|Any CPU.Build.0 = Debug|Any CPU
		{2B55726E-7281-4188-BA5C-887E7D633A01}.Release|Any CPU.ActiveCfg = Release|Any CPU
		{2B55726E-7281-4188-BA5C-887E7D633A01}.Release|Any CPU.Build.0 = Release|Any CPU
		{38903A20-00D3-425B-8EFA-08485BA30AC6}.Debug|Any CPU.ActiveCfg = Debug|Any CPU
		{38903A20-00D3-425B-8EFA-08485BA30AC6}.Debug|Any CPU.Build.0 = Debug|Any CPU
		{38903A20-00D3-425B-8EFA-08485BA30AC6}.Release|Any CPU.ActiveCfg = Release|Any CPU
		{38903A20-00D3-425B-8EFA-08485BA30AC6}.Release|Any CPU.Build.0 = Release|Any CPU
	EndGlobalSection
	GlobalSection(SolutionProperties) = preSolution
		HideSolutionNode = FALSE
	EndGlobalSection
	GlobalSection(NestedProjects) = preSolution
		{A8835A70-226F-4A86-93A9-2F2A4C5756B6} = {54433A92-7BCD-4CD3-83D8-353C6C6E317E}
		{5E02B6D1-EDF5-41B0-A349-EC19FBCACC7B} = {54433A92-7BCD-4CD3-83D8-353C6C6E317E}
		{5E256712-C7B2-4A2F-BCB3-B450EF32587B} = {54433A92-7BCD-4CD3-83D8-353C6C6E317E}
		{5B674B6D-9459-4470-A191-EC2E4A945ACB} = {54433A92-7BCD-4CD3-83D8-353C6C6E317E}
		{FD4C80E0-E1E3-4712-B945-647D9E8974AB} = {54433A92-7BCD-4CD3-83D8-353C6C6E317E}
		{5B3BB4DE-AE5C-4BD5-B8A3-F971E62F253F} = {54433A92-7BCD-4CD3-83D8-353C6C6E317E}
		{F51956F8-E509-418F-899A-1BAE6BE16939} = {5BB8994B-73D6-461A-8FE0-82E7EA518605}
		{2D4F04F3-4A36-493B-AC46-D0A62327025D} = {F51956F8-E509-418F-899A-1BAE6BE16939}
		{2B55726E-7281-4188-BA5C-887E7D633A01} = {F51956F8-E509-418F-899A-1BAE6BE16939}
		{0501FF4C-B602-46FD-BD45-B38FF0FA9B7B} = {5BB8994B-73D6-461A-8FE0-82E7EA518605}
		{38903A20-00D3-425B-8EFA-08485BA30AC6} = {0501FF4C-B602-46FD-BD45-B38FF0FA9B7B}
	EndGlobalSection
	GlobalSection(ExtensibilityGlobals) = postSolution
		SolutionGuid = {2D39114C-5B41-4EEE-9B7D-B45076352EB8}
	EndGlobalSection
EndGlobal
