
Microsoft Visual Studio Solution File, Format Version 12.00
# Visual Studio Version 17
VisualStudioVersion = 17.4.33110.190
MinimumVisualStudioVersion = 10.0.40219.1
Project("{9A19103F-16F7-4668-BE54-9A1E7A4F7556}") = "SpecFlowTests", "SpecFlowTests\SpecFlowTests.csproj", "{0416DB7A-5313-47A7-810D-1556DF61D88C}"
EndProject
Project("{FAE04EC0-301F-11D3-BF4B-00C04F79EFBC}") = "Common.SpecFlowTests", "Common.SpecFlowTests\Common.SpecFlowTests.csproj", "{42922F67-01D0-4E4C-8183-316770105E2E}"
EndProject
Global
	GlobalSection(SolutionConfigurationPlatforms) = preSolution
		Debug|Any CPU = Debug|Any CPU
		Release|Any CPU = Release|Any CPU
	EndGlobalSection
	GlobalSection(ProjectConfigurationPlatforms) = postSolution
		{0416DB7A-5313-47A7-810D-1556DF61D88C}.Debug|Any CPU.ActiveCfg = Debug|Any CPU
		{0416DB7A-5313-47A7-810D-1556DF61D88C}.Debug|Any CPU.Build.0 = Debug|Any CPU
		{0416DB7A-5313-47A7-810D-1556DF61D88C}.Release|Any CPU.ActiveCfg = Release|Any CPU
		{0416DB7A-5313-47A7-810D-1556DF61D88C}.Release|Any CPU.Build.0 = Release|Any CPU
		{42922F67-01D0-4E4C-8183-316770105E2E}.Debug|Any CPU.ActiveCfg = Debug|Any CPU
		{42922F67-01D0-4E4C-8183-316770105E2E}.Debug|Any CPU.Build.0 = Debug|Any CPU
		{42922F67-01D0-4E4C-8183-316770105E2E}.Release|Any CPU.ActiveCfg = Release|Any CPU
		{42922F67-01D0-4E4C-8183-316770105E2E}.Release|Any CPU.Build.0 = Release|Any CPU
	EndGlobalSection
	GlobalSection(SolutionProperties) = preSolution
		HideSolutionNode = FALSE
	EndGlobalSection
	GlobalSection(ExtensibilityGlobals) = postSolution
		SolutionGuid = {832AB888-1E45-497C-8793-E159758AF46F}
	EndGlobalSection
EndGlobal
